// !$*UTF8*$!
{
	archiveVersion = 1;
	classes = {
	};
	objectVersion = 50;
	objects = {

/* Begin PBXBuildFile section */
		04645EF420CA4C66004D5A4A /* ParsingModel.swift in Sources */ = {isa = PBXBuildFile; fileRef = 04645EF320CA4C66004D5A4A /* ParsingModel.swift */; };
		04B1E5DE209AF803006053BA /* AppDelegate.swift in Sources */ = {isa = PBXBuildFile; fileRef = 04B1E5DD209AF803006053BA /* AppDelegate.swift */; };
		04B1E5E0209AF803006053BA /* ViewController.swift in Sources */ = {isa = PBXBuildFile; fileRef = 04B1E5DF209AF803006053BA /* ViewController.swift */; };
		04B1E5E3209AF804006053BA /* Main.storyboard in Resources */ = {isa = PBXBuildFile; fileRef = 04B1E5E1209AF804006053BA /* Main.storyboard */; };
		04B1E5E5209AF805006053BA /* Assets.xcassets in Resources */ = {isa = PBXBuildFile; fileRef = 04B1E5E4209AF805006053BA /* Assets.xcassets */; };
		04B1E5E8209AF805006053BA /* LaunchScreen.storyboard in Resources */ = {isa = PBXBuildFile; fileRef = 04B1E5E6209AF805006053BA /* LaunchScreen.storyboard */; };
		04B1E5F0209C65A1006053BA /* TrendTableViewCell.swift in Sources */ = {isa = PBXBuildFile; fileRef = 04B1E5EF209C65A1006053BA /* TrendTableViewCell.swift */; };
		04B1E5F2209C6E76006053BA /* RepositoryViewController.swift in Sources */ = {isa = PBXBuildFile; fileRef = 04B1E5F1209C6E76006053BA /* RepositoryViewController.swift */; };
		04B6A34E20BBCA6100070A15 /* ParsingProtocool.swift in Sources */ = {isa = PBXBuildFile; fileRef = 04B6A34D20BBCA6100070A15 /* ParsingProtocool.swift */; };
		04B6A35020BBE7A400070A15 /* ParsingViewModel.swift in Sources */ = {isa = PBXBuildFile; fileRef = 04B6A34F20BBE7A400070A15 /* ParsingViewModel.swift */; };
		04B6A35220BC070400070A15 /* ParsingManager.swift in Sources */ = {isa = PBXBuildFile; fileRef = 04B6A35120BC070400070A15 /* ParsingManager.swift */; };
		AFFA39466B73E27A634AEEB5 /* Pods_GitTrending.framework in Frameworks */ = {isa = PBXBuildFile; fileRef = 63C5F6ED4EC66147EC42E417 /* Pods_GitTrending.framework */; };
/* End PBXBuildFile section */

/* Begin PBXFileReference section */
		04645EF320CA4C66004D5A4A /* ParsingModel.swift */ = {isa = PBXFileReference; lastKnownFileType = sourcecode.swift; path = ParsingModel.swift; sourceTree = "<group>"; };
		04B1E5DA209AF803006053BA /* GitTrending.app */ = {isa = PBXFileReference; explicitFileType = wrapper.application; includeInIndex = 0; path = GitTrending.app; sourceTree = BUILT_PRODUCTS_DIR; };
		04B1E5DD209AF803006053BA /* AppDelegate.swift */ = {isa = PBXFileReference; lastKnownFileType = sourcecode.swift; path = AppDelegate.swift; sourceTree = "<group>"; };
		04B1E5DF209AF803006053BA /* ViewController.swift */ = {isa = PBXFileReference; lastKnownFileType = sourcecode.swift; path = ViewController.swift; sourceTree = "<group>"; };
		04B1E5E2209AF804006053BA /* Base */ = {isa = PBXFileReference; lastKnownFileType = file.storyboard; name = Base; path = Base.lproj/Main.storyboard; sourceTree = "<group>"; };
		04B1E5E4209AF805006053BA /* Assets.xcassets */ = {isa = PBXFileReference; lastKnownFileType = folder.assetcatalog; path = Assets.xcassets; sourceTree = "<group>"; };
		04B1E5E7209AF805006053BA /* Base */ = {isa = PBXFileReference; lastKnownFileType = file.storyboard; name = Base; path = Base.lproj/LaunchScreen.storyboard; sourceTree = "<group>"; };
		04B1E5E9209AF805006053BA /* Info.plist */ = {isa = PBXFileReference; lastKnownFileType = text.plist.xml; path = Info.plist; sourceTree = "<group>"; };
		04B1E5EF209C65A1006053BA /* TrendTableViewCell.swift */ = {isa = PBXFileReference; lastKnownFileType = sourcecode.swift; path = TrendTableViewCell.swift; sourceTree = "<group>"; };
		04B1E5F1209C6E76006053BA /* RepositoryViewController.swift */ = {isa = PBXFileReference; lastKnownFileType = sourcecode.swift; path = RepositoryViewController.swift; sourceTree = "<group>"; };
		04B6A34D20BBCA6100070A15 /* ParsingProtocool.swift */ = {isa = PBXFileReference; lastKnownFileType = sourcecode.swift; path = ParsingProtocool.swift; sourceTree = "<group>"; };
		04B6A34F20BBE7A400070A15 /* ParsingViewModel.swift */ = {isa = PBXFileReference; lastKnownFileType = sourcecode.swift; path = ParsingViewModel.swift; sourceTree = "<group>"; };
		04B6A35120BC070400070A15 /* ParsingManager.swift */ = {isa = PBXFileReference; lastKnownFileType = sourcecode.swift; path = ParsingManager.swift; sourceTree = "<group>"; };
		556E6FB7852F38C66FBE088F /* Pods-GitTrending.debug.xcconfig */ = {isa = PBXFileReference; includeInIndex = 1; lastKnownFileType = text.xcconfig; name = "Pods-GitTrending.debug.xcconfig"; path = "Pods/Target Support Files/Pods-GitTrending/Pods-GitTrending.debug.xcconfig"; sourceTree = "<group>"; };
		63C5F6ED4EC66147EC42E417 /* Pods_GitTrending.framework */ = {isa = PBXFileReference; explicitFileType = wrapper.framework; includeInIndex = 0; path = Pods_GitTrending.framework; sourceTree = BUILT_PRODUCTS_DIR; };
		E06F01F890AA9C8F23C78995 /* Pods-GitTrending.release.xcconfig */ = {isa = PBXFileReference; includeInIndex = 1; lastKnownFileType = text.xcconfig; name = "Pods-GitTrending.release.xcconfig"; path = "Pods/Target Support Files/Pods-GitTrending/Pods-GitTrending.release.xcconfig"; sourceTree = "<group>"; };
/* End PBXFileReference section */

/* Begin PBXFrameworksBuildPhase section */
		04B1E5D7209AF803006053BA /* Frameworks */ = {
			isa = PBXFrameworksBuildPhase;
			buildActionMask = 2147483647;
			files = (
				AFFA39466B73E27A634AEEB5 /* Pods_GitTrending.framework in Frameworks */,
			);
			runOnlyForDeploymentPostprocessing = 0;
		};
/* End PBXFrameworksBuildPhase section */

/* Begin PBXGroup section */
		04B1E5D1209AF803006053BA = {
			isa = PBXGroup;
			children = (
				04B1E5DC209AF803006053BA /* GitTrending */,
				04B1E5DB209AF803006053BA /* Products */,
				77594ABA3845A45225D01802 /* Pods */,
				CA04A5ED86F7FCEF363415DA /* Frameworks */,
			);
			sourceTree = "<group>";
		};
		04B1E5DB209AF803006053BA /* Products */ = {
			isa = PBXGroup;
			children = (
				04B1E5DA209AF803006053BA /* GitTrending.app */,
			);
			name = Products;
			sourceTree = "<group>";
		};
		04B1E5DC209AF803006053BA /* GitTrending */ = {
			isa = PBXGroup;
			children = (
				04B6A34C20BBCA3300070A15 /* ViewControllers */,
				04B6A34B20BBCA1E00070A15 /* ViewModel */,
				04B6A34A20BBCA0300070A15 /* Model */,
				04B1E5DD209AF803006053BA /* AppDelegate.swift */,
				04B1E5E1209AF804006053BA /* Main.storyboard */,
				04B1E5E4209AF805006053BA /* Assets.xcassets */,
				04B1E5E6209AF805006053BA /* LaunchScreen.storyboard */,
				04B1E5E9209AF805006053BA /* Info.plist */,
			);
			path = GitTrending;
			sourceTree = "<group>";
		};
		04B6A34A20BBCA0300070A15 /* Model */ = {
			isa = PBXGroup;
			children = (
				04B6A34D20BBCA6100070A15 /* ParsingProtocool.swift */,
				04B6A35120BC070400070A15 /* ParsingManager.swift */,
				04645EF320CA4C66004D5A4A /* ParsingModel.swift */,
			);
			path = Model;
			sourceTree = "<group>";
		};
		04B6A34B20BBCA1E00070A15 /* ViewModel */ = {
			isa = PBXGroup;
			children = (
				04B6A34F20BBE7A400070A15 /* ParsingViewModel.swift */,
			);
			path = ViewModel;
			sourceTree = "<group>";
		};
		04B6A34C20BBCA3300070A15 /* ViewControllers */ = {
			isa = PBXGroup;
			children = (
				04B1E5DF209AF803006053BA /* ViewController.swift */,
				04B1E5EF209C65A1006053BA /* TrendTableViewCell.swift */,
				04B1E5F1209C6E76006053BA /* RepositoryViewController.swift */,
			);
			path = ViewControllers;
			sourceTree = "<group>";
		};
		77594ABA3845A45225D01802 /* Pods */ = {
			isa = PBXGroup;
			children = (
				556E6FB7852F38C66FBE088F /* Pods-GitTrending.debug.xcconfig */,
				E06F01F890AA9C8F23C78995 /* Pods-GitTrending.release.xcconfig */,
			);
			name = Pods;
			sourceTree = "<group>";
		};
		CA04A5ED86F7FCEF363415DA /* Frameworks */ = {
			isa = PBXGroup;
			children = (
				63C5F6ED4EC66147EC42E417 /* Pods_GitTrending.framework */,
			);
			name = Frameworks;
			sourceTree = "<group>";
		};
/* End PBXGroup section */

/* Begin PBXNativeTarget section */
		04B1E5D9209AF803006053BA /* GitTrending */ = {
			isa = PBXNativeTarget;
			buildConfigurationList = 04B1E5EC209AF805006053BA /* Build configuration list for PBXNativeTarget "GitTrending" */;
			buildPhases = (
				953DF61C631319A3FF5B5ECE /* [CP] Check Pods Manifest.lock */,
				04B1E5D6209AF803006053BA /* Sources */,
				04B1E5D7209AF803006053BA /* Frameworks */,
				04B1E5D8209AF803006053BA /* Resources */,
				EC23AED51D36B14D7A8F113F /* [CP] Embed Pods Frameworks */,
			);
			buildRules = (
			);
			dependencies = (
			);
			name = GitTrending;
			productName = GitTrending;
			productReference = 04B1E5DA209AF803006053BA /* GitTrending.app */;
			productType = "com.apple.product-type.application";
		};
/* End PBXNativeTarget section */

/* Begin PBXProject section */
		04B1E5D2209AF803006053BA /* Project object */ = {
			isa = PBXProject;
			attributes = {
				LastSwiftUpdateCheck = 0930;
				LastUpgradeCheck = 0930;
				ORGANIZATIONNAME = swift;
				TargetAttributes = {
					04B1E5D9209AF803006053BA = {
						CreatedOnToolsVersion = 9.3;
					};
				};
			};
			buildConfigurationList = 04B1E5D5209AF803006053BA /* Build configuration list for PBXProject "GitTrending" */;
			compatibilityVersion = "Xcode 9.3";
			developmentRegion = en;
			hasScannedForEncodings = 0;
			knownRegions = (
				en,
				Base,
			);
			mainGroup = 04B1E5D1209AF803006053BA;
			productRefGroup = 04B1E5DB209AF803006053BA /* Products */;
			projectDirPath = "";
			projectRoot = "";
			targets = (
				04B1E5D9209AF803006053BA /* GitTrending */,
			);
		};
/* End PBXProject section */

/* Begin PBXResourcesBuildPhase section */
		04B1E5D8209AF803006053BA /* Resources */ = {
			isa = PBXResourcesBuildPhase;
			buildActionMask = 2147483647;
			files = (
				04B1E5E8209AF805006053BA /* LaunchScreen.storyboard in Resources */,
				04B1E5E5209AF805006053BA /* Assets.xcassets in Resources */,
				04B1E5E3209AF804006053BA /* Main.storyboard in Resources */,
			);
			runOnlyForDeploymentPostprocessing = 0;
		};
/* End PBXResourcesBuildPhase section */

/* Begin PBXShellScriptBuildPhase section */
		953DF61C631319A3FF5B5ECE /* [CP] Check Pods Manifest.lock */ = {
			isa = PBXShellScriptBuildPhase;
			buildActionMask = 2147483647;
			files = (
			);
			inputPaths = (
				"${PODS_PODFILE_DIR_PATH}/Podfile.lock",
				"${PODS_ROOT}/Manifest.lock",
			);
			name = "[CP] Check Pods Manifest.lock";
			outputPaths = (
				"$(DERIVED_FILE_DIR)/Pods-GitTrending-checkManifestLockResult.txt",
			);
			runOnlyForDeploymentPostprocessing = 0;
			shellPath = /bin/sh;
			shellScript = "diff \"${PODS_PODFILE_DIR_PATH}/Podfile.lock\" \"${PODS_ROOT}/Manifest.lock\" > /dev/null\nif [ $? != 0 ] ; then\n    # print error to STDERR\n    echo \"error: The sandbox is not in sync with the Podfile.lock. Run 'pod install' or update your CocoaPods installation.\" >&2\n    exit 1\nfi\n# This output is used by Xcode 'outputs' to avoid re-running this script phase.\necho \"SUCCESS\" > \"${SCRIPT_OUTPUT_FILE_0}\"\n";
			showEnvVarsInLog = 0;
		};
		EC23AED51D36B14D7A8F113F /* [CP] Embed Pods Frameworks */ = {
			isa = PBXShellScriptBuildPhase;
			buildActionMask = 2147483647;
			files = (
			);
			inputPaths = (
				"${SRCROOT}/Pods/Target Support Files/Pods-GitTrending/Pods-GitTrending-frameworks.sh",
				"${BUILT_PRODUCTS_DIR}/Alamofire/Alamofire.framework",
				"${BUILT_PRODUCTS_DIR}/DropDown/DropDown.framework",
				"${BUILT_PRODUCTS_DIR}/Kanna/Kanna.framework",
				"${BUILT_PRODUCTS_DIR}/RxAlamofire/RxAlamofire.framework",
				"${BUILT_PRODUCTS_DIR}/RxCocoa/RxCocoa.framework",
				"${BUILT_PRODUCTS_DIR}/RxSwift/RxSwift.framework",
			);
			name = "[CP] Embed Pods Frameworks";
			outputPaths = (
				"${TARGET_BUILD_DIR}/${FRAMEWORKS_FOLDER_PATH}/Alamofire.framework",
				"${TARGET_BUILD_DIR}/${FRAMEWORKS_FOLDER_PATH}/DropDown.framework",
				"${TARGET_BUILD_DIR}/${FRAMEWORKS_FOLDER_PATH}/Kanna.framework",
				"${TARGET_BUILD_DIR}/${FRAMEWORKS_FOLDER_PATH}/RxAlamofire.framework",
				"${TARGET_BUILD_DIR}/${FRAMEWORKS_FOLDER_PATH}/RxCocoa.framework",
				"${TARGET_BUILD_DIR}/${FRAMEWORKS_FOLDER_PATH}/RxSwift.framework",
			);
			runOnlyForDeploymentPostprocessing = 0;
			shellPath = /bin/sh;
			shellScript = "\"${SRCROOT}/Pods/Target Support Files/Pods-GitTrending/Pods-GitTrending-frameworks.sh\"\n";
			showEnvVarsInLog = 0;
		};
/* End PBXShellScriptBuildPhase section */

/* Begin PBXSourcesBuildPhase section */
		04B1E5D6209AF803006053BA /* Sources */ = {
			isa = PBXSourcesBuildPhase;
			buildActionMask = 2147483647;
			files = (
				04B1E5F2209C6E76006053BA /* RepositoryViewController.swift in Sources */,
				04B1E5E0209AF803006053BA /* ViewController.swift in Sources */,
				04645EF420CA4C66004D5A4A /* ParsingModel.swift in Sources */,
				04B1E5DE209AF803006053BA /* AppDelegate.swift in Sources */,
				04B6A35020BBE7A400070A15 /* ParsingViewModel.swift in Sources */,
				04B6A35220BC070400070A15 /* ParsingManager.swift in Sources */,
				04B1E5F0209C65A1006053BA /* TrendTableViewCell.swift in Sources */,
				04B6A34E20BBCA6100070A15 /* ParsingProtocool.swift in Sources */,
			);
			runOnlyForDeploymentPostprocessing = 0;
		};
/* End PBXSourcesBuildPhase section */

/* Begin PBXVariantGroup section */
		04B1E5E1209AF804006053BA /* Main.storyboard */ = {
			isa = PBXVariantGroup;
			children = (
				04B1E5E2209AF804006053BA /* Base */,
			);
			name = Main.storyboard;
			sourceTree = "<group>";
		};
		04B1E5E6209AF805006053BA /* LaunchScreen.storyboard */ = {
			isa = PBXVariantGroup;
			children = (
				04B1E5E7209AF805006053BA /* Base */,
			);
			name = LaunchScreen.storyboard;
			sourceTree = "<group>";
		};
/* End PBXVariantGroup section */

/* Begin XCBuildConfiguration section */
		04B1E5EA209AF805006053BA /* Debug */ = {
			isa = XCBuildConfiguration;
			buildSettings = {
				ALWAYS_SEARCH_USER_PATHS = NO;
				CLANG_ANALYZER_NONNULL = YES;
				CLANG_ANALYZER_NUMBER_OBJECT_CONVERSION = YES_AGGRESSIVE;
				CLANG_CXX_LANGUAGE_STANDARD = "gnu++14";
				CLANG_CXX_LIBRARY = "libc++";
				CLANG_ENABLE_MODULES = YES;
				CLANG_ENABLE_OBJC_ARC = YES;
				CLANG_ENABLE_OBJC_WEAK = YES;
				CLANG_WARN_BLOCK_CAPTURE_AUTORELEASING = YES;
				CLANG_WARN_BOOL_CONVERSION = YES;
				CLANG_WARN_COMMA = YES;
				CLANG_WARN_CONSTANT_CONVERSION = YES;
				CLANG_WARN_DEPRECATED_OBJC_IMPLEMENTATIONS = YES;
				CLANG_WARN_DIRECT_OBJC_ISA_USAGE = YES_ERROR;
				CLANG_WARN_DOCUMENTATION_COMMENTS = YES;
				CLANG_WARN_EMPTY_BODY = YES;
				CLANG_WARN_ENUM_CONVERSION = YES;
				CLANG_WARN_INFINITE_RECURSION = YES;
				CLANG_WARN_INT_CONVERSION = YES;
				CLANG_WARN_NON_LITERAL_NULL_CONVERSION = YES;
				CLANG_WARN_OBJC_IMPLICIT_RETAIN_SELF = YES;
				CLANG_WARN_OBJC_LITERAL_CONVERSION = YES;
				CLANG_WARN_OBJC_ROOT_CLASS = YES_ERROR;
				CLANG_WARN_RANGE_LOOP_ANALYSIS = YES;
				CLANG_WARN_STRICT_PROTOTYPES = YES;
				CLANG_WARN_SUSPICIOUS_MOVE = YES;
				CLANG_WARN_UNGUARDED_AVAILABILITY = YES_AGGRESSIVE;
				CLANG_WARN_UNREACHABLE_CODE = YES;
				CLANG_WARN__DUPLICATE_METHOD_MATCH = YES;
				CODE_SIGN_IDENTITY = "iPhone Developer";
				COPY_PHASE_STRIP = NO;
				DEBUG_INFORMATION_FORMAT = dwarf;
				ENABLE_STRICT_OBJC_MSGSEND = YES;
				ENABLE_TESTABILITY = YES;
				GCC_C_LANGUAGE_STANDARD = gnu11;
				GCC_DYNAMIC_NO_PIC = NO;
				GCC_NO_COMMON_BLOCKS = YES;
				GCC_OPTIMIZATION_LEVEL = 0;
				GCC_PREPROCESSOR_DEFINITIONS = (
					"DEBUG=1",
					"$(inherited)",
				);
				GCC_WARN_64_TO_32_BIT_CONVERSION = YES;
				GCC_WARN_ABOUT_RETURN_TYPE = YES_ERROR;
				GCC_WARN_UNDECLARED_SELECTOR = YES;
				GCC_WARN_UNINITIALIZED_AUTOS = YES_AGGRESSIVE;
				GCC_WARN_UNUSED_FUNCTION = YES;
				GCC_WARN_UNUSED_VARIABLE = YES;
				IPHONEOS_DEPLOYMENT_TARGET = 11.3;
				MTL_ENABLE_DEBUG_INFO = YES;
				ONLY_ACTIVE_ARCH = YES;
				SDKROOT = iphoneos;
				SWIFT_ACTIVE_COMPILATION_CONDITIONS = DEBUG;
				SWIFT_OPTIMIZATION_LEVEL = "-Onone";
			};
			name = Debug;
		};
		04B1E5EB209AF805006053BA /* Release */ = {
			isa = XCBuildConfiguration;
			buildSettings = {
				ALWAYS_SEARCH_USER_PATHS = NO;
				CLANG_ANALYZER_NONNULL = YES;
				CLANG_ANALYZER_NUMBER_OBJECT_CONVERSION = YES_AGGRESSIVE;
				CLANG_CXX_LANGUAGE_STANDARD = "gnu++14";
				CLANG_CXX_LIBRARY = "libc++";
				CLANG_ENABLE_MODULES = YES;
				CLANG_ENABLE_OBJC_ARC = YES;
				CLANG_ENABLE_OBJC_WEAK = YES;
				CLANG_WARN_BLOCK_CAPTURE_AUTORELEASING = YES;
				CLANG_WARN_BOOL_CONVERSION = YES;
				CLANG_WARN_COMMA = YES;
				CLANG_WARN_CONSTANT_CONVERSION = YES;
				CLANG_WARN_DEPRECATED_OBJC_IMPLEMENTATIONS = YES;
				CLANG_WARN_DIRECT_OBJC_ISA_USAGE = YES_ERROR;
				CLANG_WARN_DOCUMENTATION_COMMENTS = YES;
				CLANG_WARN_EMPTY_BODY = YES;
				CLANG_WARN_ENUM_CONVERSION = YES;
				CLANG_WARN_INFINITE_RECURSION = YES;
				CLANG_WARN_INT_CONVERSION = YES;
				CLANG_WARN_NON_LITERAL_NULL_CONVERSION = YES;
				CLANG_WARN_OBJC_IMPLICIT_RETAIN_SELF = YES;
				CLANG_WARN_OBJC_LITERAL_CONVERSION = YES;
				CLANG_WARN_OBJC_ROOT_CLASS = YES_ERROR;
				CLANG_WARN_RANGE_LOOP_ANALYSIS = YES;
				CLANG_WARN_STRICT_PROTOTYPES = YES;
				CLANG_WARN_SUSPICIOUS_MOVE = YES;
				CLANG_WARN_UNGUARDED_AVAILABILITY = YES_AGGRESSIVE;
				CLANG_WARN_UNREACHABLE_CODE = YES;
				CLANG_WARN__DUPLICATE_METHOD_MATCH = YES;
				CODE_SIGN_IDENTITY = "iPhone Developer";
				COPY_PHASE_STRIP = NO;
				DEBUG_INFORMATION_FORMAT = "dwarf-with-dsym";
				ENABLE_NS_ASSERTIONS = NO;
				ENABLE_STRICT_OBJC_MSGSEND = YES;
				GCC_C_LANGUAGE_STANDARD = gnu11;
				GCC_NO_COMMON_BLOCKS = YES;
				GCC_WARN_64_TO_32_BIT_CONVERSION = YES;
				GCC_WARN_ABOUT_RETURN_TYPE = YES_ERROR;
				GCC_WARN_UNDECLARED_SELECTOR = YES;
				GCC_WARN_UNINITIALIZED_AUTOS = YES_AGGRESSIVE;
				GCC_WARN_UNUSED_FUNCTION = YES;
				GCC_WARN_UNUSED_VARIABLE = YES;
				IPHONEOS_DEPLOYMENT_TARGET = 11.3;
				MTL_ENABLE_DEBUG_INFO = NO;
				SDKROOT = iphoneos;
				SWIFT_COMPILATION_MODE = wholemodule;
				SWIFT_OPTIMIZATION_LEVEL = "-O";
				VALIDATE_PRODUCT = YES;
			};
			name = Release;
		};
		04B1E5ED209AF805006053BA /* Debug */ = {
			isa = XCBuildConfiguration;
			baseConfigurationReference = 556E6FB7852F38C66FBE088F /* Pods-GitTrending.debug.xcconfig */;
			buildSettings = {
				ASSETCATALOG_COMPILER_APPICON_NAME = AppIcon;
				CODE_SIGN_STYLE = Automatic;
				DEVELOPMENT_TEAM = UPVNKF4986;
				INFOPLIST_FILE = GitTrending/Info.plist;
				LD_RUNPATH_SEARCH_PATHS = (
					"$(inherited)",
					"@executable_path/Frameworks",
				);
				PRODUCT_BUNDLE_IDENTIFIER = com.swift.GitTrending;
				PRODUCT_NAME = "$(TARGET_NAME)";
				SWIFT_VERSION = 4.0;
				TARGETED_DEVICE_FAMILY = "1,2";
			};
			name = Debug;
		};
		04B1E5EE209AF805006053BA /* Release */ = {
			isa = XCBuildConfiguration;
			baseConfigurationReference = E06F01F890AA9C8F23C78995 /* Pods-GitTrending.release.xcconfig */;
			buildSettings = {
				ASSETCATALOG_COMPILER_APPICON_NAME = AppIcon;
				CODE_SIGN_STYLE = Automatic;
				DEVELOPMENT_TEAM = UPVNKF4986;
				INFOPLIST_FILE = GitTrending/Info.plist;
				LD_RUNPATH_SEARCH_PATHS = (
					"$(inherited)",
					"@executable_path/Frameworks",
				);
				PRODUCT_BUNDLE_IDENTIFIER = com.swift.GitTrending;
				PRODUCT_NAME = "$(TARGET_NAME)";
				SWIFT_VERSION = 4.0;
				TARGETED_DEVICE_FAMILY = "1,2";
			};
			name = Release;
		};
/* End XCBuildConfiguration section */

/* Begin XCConfigurationList section */
		04B1E5D5209AF803006053BA /* Build configuration list for PBXProject "GitTrending" */ = {
			isa = XCConfigurationList;
			buildConfigurations = (
				04B1E5EA209AF805006053BA /* Debug */,
				04B1E5EB209AF805006053BA /* Release */,
			);
			defaultConfigurationIsVisible = 0;
			defaultConfigurationName = Release;
		};
		04B1E5EC209AF805006053BA /* Build configuration list for PBXNativeTarget "GitTrending" */ = {
			isa = XCConfigurationList;
			buildConfigurations = (
				04B1E5ED209AF805006053BA /* Debug */,
				04B1E5EE209AF805006053BA /* Release */,
			);
			defaultConfigurationIsVisible = 0;
			defaultConfigurationName = Release;
		};
/* End XCConfigurationList section */
	};
	rootObject = 04B1E5D2209AF803006053BA /* Project object */;
}
